
Microsoft Visual Studio Solution File, Format Version 12.00
# Visual Studio Version 17
VisualStudioVersion = 17.1.32328.378
MinimumVisualStudioVersion = 10.0.40219.1
Project("{FAE04EC0-301F-11D3-BF4B-00C04F79EFBC}") = "1-Background Topics - Lambda expressions", "1-Background Topics - Lambda expressions\1-Background Topics - Lambda expressions.csproj", "{BF46A0F5-764B-46C9-B6EA-8A22FDD57CB2}"
EndProject
Project("{FAE04EC0-301F-11D3-BF4B-00C04F79EFBC}") = "2-LINQ Concepts - Query syntax", "2-LINQ Concepts - Query syntax\2-LINQ Concepts - Query syntax.csproj", "{9AA18C91-8B2E-4191-A774-35E3C4039678}"
EndProject
Project("{FAE04EC0-301F-11D3-BF4B-00C04F79EFBC}") = "3-Extract a single element", "3-Extract a single element\3-Extract a single element.csproj", "{2D171921-94F0-483D-BA21-F7D4D60A4BD2}"
EndProject
Project("{FAE04EC0-301F-11D3-BF4B-00C04F79EFBC}") = "4-Extract multiple elements", "Extract multiple elements\4-Extract multiple elements.csproj", "{EB303264-B899-4348-9353-2071F464CC26}"
EndProject
Global
	GlobalSection(SolutionConfigurationPlatforms) = preSolution
		Debug|Any CPU = Debug|Any CPU
		Release|Any CPU = Release|Any CPU
	EndGlobalSection
	GlobalSection(ProjectConfigurationPlatforms) = postSolution
		{BF46A0F5-764B-46C9-B6EA-8A22FDD57CB2}.Debug|Any CPU.ActiveCfg = Debug|Any CPU
		{BF46A0F5-764B-46C9-B6EA-8A22FDD57CB2}.Debug|Any CPU.Build.0 = Debug|Any CPU
		{BF46A0F5-764B-46C9-B6EA-8A22FDD57CB2}.Release|Any CPU.ActiveCfg = Release|Any CPU
		{BF46A0F5-764B-46C9-B6EA-8A22FDD57CB2}.Release|Any CPU.Build.0 = Release|Any CPU
		{9AA18C91-8B2E-4191-A774-35E3C4039678}.Debug|Any CPU.ActiveCfg = Debug|Any CPU
		{9AA18C91-8B2E-4191-A774-35E3C4039678}.Debug|Any CPU.Build.0 = Debug|Any CPU
		{9AA18C91-8B2E-4191-A774-35E3C4039678}.Release|Any CPU.ActiveCfg = Release|Any CPU
		{9AA18C91-8B2E-4191-A774-35E3C4039678}.Release|Any CPU.Build.0 = Release|Any CPU
		{2D171921-94F0-483D-BA21-F7D4D60A4BD2}.Debug|Any CPU.ActiveCfg = Debug|Any CPU
		{2D171921-94F0-483D-BA21-F7D4D60A4BD2}.Debug|Any CPU.Build.0 = Debug|Any CPU
		{2D171921-94F0-483D-BA21-F7D4D60A4BD2}.Release|Any CPU.ActiveCfg = Release|Any CPU
		{2D171921-94F0-483D-BA21-F7D4D60A4BD2}.Release|Any CPU.Build.0 = Release|Any CPU
		{EB303264-B899-4348-9353-2071F464CC26}.Debug|Any CPU.ActiveCfg = Debug|Any CPU
		{EB303264-B899-4348-9353-2071F464CC26}.Debug|Any CPU.Build.0 = Debug|Any CPU
		{EB303264-B899-4348-9353-2071F464CC26}.Release|Any CPU.ActiveCfg = Release|Any CPU
		{EB303264-B899-4348-9353-2071F464CC26}.Release|Any CPU.Build.0 = Release|Any CPU
	EndGlobalSection
	GlobalSection(SolutionProperties) = preSolution
		HideSolutionNode = FALSE
	EndGlobalSection
	GlobalSection(ExtensibilityGlobals) = postSolution
		SolutionGuid = {993AE9B1-4921-4145-9E90-F265D8775AA2}
	EndGlobalSection
EndGlobal
